
Microsoft Visual Studio Solution File, Format Version 12.00
# Visual Studio 2013
VisualStudioVersion = 12.0.40629.0
MinimumVisualStudioVersion = 10.0.40219.1
Project("{FAE04EC0-301F-11D3-BF4B-00C04F79EFBC}") = "AkkaBooker", "AkkaBooker\AkkaBooker.csproj", "{327C4A65-1F2D-4EFD-A95B-0AAFEBA91DF8}"
EndProject
Project("{FAE04EC0-301F-11D3-BF4B-00C04F79EFBC}") = "AkkaBooker.Client", "AkkaBooker.Client\AkkaBooker.Client.csproj", "{95C25522-E21D-4D24-B7E3-A4DFA375B53A}"
EndProject
Project("{FAE04EC0-301F-11D3-BF4B-00C04F79EFBC}") = "AkkaBooker.Shared", "AkkaBooker.Shared\AkkaBooker.Shared.csproj", "{556F98E0-2418-405E-B904-3DBB62B0766C}"
EndProject
Global
	GlobalSection(SolutionConfigurationPlatforms) = preSolution
		Debug|Any CPU = Debug|Any CPU
		Release|Any CPU = Release|Any CPU
	EndGlobalSection
	GlobalSection(ProjectConfigurationPlatforms) = postSolution
		{327C4A65-1F2D-4EFD-A95B-0AAFEBA91DF8}.Debug|Any CPU.ActiveCfg = Debug|Any CPU
		{327C4A65-1F2D-4EFD-A95B-0AAFEBA91DF8}.Debug|Any CPU.Build.0 = Debug|Any CPU
		{327C4A65-1F2D-4EFD-A95B-0AAFEBA91DF8}.Release|Any CPU.ActiveCfg = Release|Any CPU
		{327C4A65-1F2D-4EFD-A95B-0AAFEBA91DF8}.Release|Any CPU.Build.0 = Release|Any CPU
		{95C25522-E21D-4D24-B7E3-A4DFA375B53A}.Debug|Any CPU.ActiveCfg = Debug|Any CPU
		{95C25522-E21D-4D24-B7E3-A4DFA375B53A}.Debug|Any CPU.Build.0 = Debug|Any CPU
		{95C25522-E21D-4D24-B7E3-A4DFA375B53A}.Release|Any CPU.ActiveCfg = Release|Any CPU
		{95C25522-E21D-4D24-B7E3-A4DFA375B53A}.Release|Any CPU.Build.0 = Release|Any CPU
		{556F98E0-2418-405E-B904-3DBB62B0766C}.Debug|Any CPU.ActiveCfg = Debug|Any CPU
		{556F98E0-2418-405E-B904-3DBB62B0766C}.Debug|Any CPU.Build.0 = Debug|Any CPU
		{556F98E0-2418-405E-B904-3DBB62B0766C}.Release|Any CPU.ActiveCfg = Release|Any CPU
		{556F98E0-2418-405E-B904-3DBB62B0766C}.Release|Any CPU.Build.0 = Release|Any CPU
	EndGlobalSection
	GlobalSection(SolutionProperties) = preSolution
		HideSolutionNode = FALSE
	EndGlobalSection
EndGlobal
